
Microsoft Visual Studio Solution File, Format Version 12.00
# Visual Studio Version 17
VisualStudioVersion = 17.8.34511.84
MinimumVisualStudioVersion = 10.0.40219.1
Project("{FAE04EC0-301F-11D3-BF4B-00C04F79EFBC}") = "Delegates", "Delegates.csproj", "{D637DCC2-9187-439F-AFD3-B9900759454D}"
EndProject
Global
	GlobalSection(SolutionConfigurationPlatforms) = preSolution
		Debug|Any CPU = Debug|Any CPU
		Release|Any CPU = Release|Any CPU
	EndGlobalSection
	GlobalSection(ProjectConfigurationPlatforms) = postSolution
		{D637DCC2-9187-439F-AFD3-B9900759454D}.Debug|Any CPU.ActiveCfg = Debug|Any CPU
		{D637DCC2-9187-439F-AFD3-B9900759454D}.Debug|Any CPU.Build.0 = Debug|Any CPU
		{D637DCC2-9187-439F-AFD3-B9900759454D}.Release|Any CPU.ActiveCfg = Release|Any CPU
		{D637DCC2-9187-439F-AFD3-B9900759454D}.Release|Any CPU.Build.0 = Release|Any CPU
	EndGlobalSection
	GlobalSection(SolutionProperties) = preSolution
		HideSolutionNode = FALSE
	EndGlobalSection
	GlobalSection(ExtensibilityGlobals) = postSolution
		SolutionGuid = {F28D2868-BAA9-4C46-BCC3-204AAA4D7A27}
	EndGlobalSection
EndGlobal
