
Microsoft Visual Studio Solution File, Format Version 12.00
# Visual Studio Version 17
VisualStudioVersion = 17.11.35222.181
MinimumVisualStudioVersion = 10.0.40219.1
Project("{FAE04EC0-301F-11D3-BF4B-00C04F79EFBC}") = "Sudoku", "Sudoku.csproj", "{7CDB816C-1139-4100-9303-DD5D32C559B9}"
EndProject
Global
	GlobalSection(SolutionConfigurationPlatforms) = preSolution
		Debug|Any CPU = Debug|Any CPU
		Release|Any CPU = Release|Any CPU
	EndGlobalSection
	GlobalSection(ProjectConfigurationPlatforms) = postSolution
		{7CDB816C-1139-4100-9303-DD5D32C559B9}.Debug|Any CPU.ActiveCfg = Debug|Any CPU
		{7CDB816C-1139-4100-9303-DD5D32C559B9}.Debug|Any CPU.Build.0 = Debug|Any CPU
		{7CDB816C-1139-4100-9303-DD5D32C559B9}.Release|Any CPU.ActiveCfg = Release|Any CPU
		{7CDB816C-1139-4100-9303-DD5D32C559B9}.Release|Any CPU.Build.0 = Release|Any CPU
	EndGlobalSection
	GlobalSection(SolutionProperties) = preSolution
		HideSolutionNode = FALSE
	EndGlobalSection
	GlobalSection(ExtensibilityGlobals) = postSolution
		SolutionGuid = {67C71BFE-0625-4A9A-922A-4C6287C32BFB}
	EndGlobalSection
EndGlobal
