
Microsoft Visual Studio Solution File, Format Version 12.00
# Visual Studio Version 17
VisualStudioVersion = 17.8.34511.84
MinimumVisualStudioVersion = 10.0.40219.1
Project("{FAE04EC0-301F-11D3-BF4B-00C04F79EFBC}") = "PrimeNumbers", "PrimeNumbers.csproj", "{B1EB6DC3-A980-4048-BDC5-BD0DB720475A}"
EndProject
Global
	GlobalSection(SolutionConfigurationPlatforms) = preSolution
		Debug|Any CPU = Debug|Any CPU
		Release|Any CPU = Release|Any CPU
	EndGlobalSection
	GlobalSection(ProjectConfigurationPlatforms) = postSolution
		{B1EB6DC3-A980-4048-BDC5-BD0DB720475A}.Debug|Any CPU.ActiveCfg = Debug|Any CPU
		{B1EB6DC3-A980-4048-BDC5-BD0DB720475A}.Debug|Any CPU.Build.0 = Debug|Any CPU
		{B1EB6DC3-A980-4048-BDC5-BD0DB720475A}.Release|Any CPU.ActiveCfg = Release|Any CPU
		{B1EB6DC3-A980-4048-BDC5-BD0DB720475A}.Release|Any CPU.Build.0 = Release|Any CPU
	EndGlobalSection
	GlobalSection(SolutionProperties) = preSolution
		HideSolutionNode = FALSE
	EndGlobalSection
	GlobalSection(ExtensibilityGlobals) = postSolution
		SolutionGuid = {33F81466-1994-444D-BB7B-7A0F97FAFBA8}
	EndGlobalSection
EndGlobal
