
Microsoft Visual Studio Solution File, Format Version 12.00
# Visual Studio Version 17
VisualStudioVersion = 17.5.33627.172
MinimumVisualStudioVersion = 10.0.40219.1
Project("{FAE04EC0-301F-11D3-BF4B-00C04F79EFBC}") = "PDFfile", "PDFfile.csproj", "{FCD194F1-5BBC-4816-A3FD-2A773CC67A97}"
EndProject
Project("{FAE04EC0-301F-11D3-BF4B-00C04F79EFBC}") = "PDFfileTests", "..\PDFfileTests\PDFfileTests.csproj", "{1DAA13DC-21B8-4C0B-8940-82D973443D31}"
EndProject
Global
	GlobalSection(SolutionConfigurationPlatforms) = preSolution
		Debug|Any CPU = Debug|Any CPU
		Release|Any CPU = Release|Any CPU
	EndGlobalSection
	GlobalSection(ProjectConfigurationPlatforms) = postSolution
		{FCD194F1-5BBC-4816-A3FD-2A773CC67A97}.Debug|Any CPU.ActiveCfg = Debug|Any CPU
		{FCD194F1-5BBC-4816-A3FD-2A773CC67A97}.Debug|Any CPU.Build.0 = Debug|Any CPU
		{FCD194F1-5BBC-4816-A3FD-2A773CC67A97}.Release|Any CPU.ActiveCfg = Release|Any CPU
		{FCD194F1-5BBC-4816-A3FD-2A773CC67A97}.Release|Any CPU.Build.0 = Release|Any CPU
		{1DAA13DC-21B8-4C0B-8940-82D973443D31}.Debug|Any CPU.ActiveCfg = Debug|Any CPU
		{1DAA13DC-21B8-4C0B-8940-82D973443D31}.Debug|Any CPU.Build.0 = Debug|Any CPU
		{1DAA13DC-21B8-4C0B-8940-82D973443D31}.Release|Any CPU.ActiveCfg = Release|Any CPU
		{1DAA13DC-21B8-4C0B-8940-82D973443D31}.Release|Any CPU.Build.0 = Release|Any CPU
	EndGlobalSection
	GlobalSection(SolutionProperties) = preSolution
		HideSolutionNode = FALSE
	EndGlobalSection
	GlobalSection(ExtensibilityGlobals) = postSolution
		SolutionGuid = {44E9B611-2CBF-4928-A5D6-E2C9D33D6A55}
	EndGlobalSection
EndGlobal
